
Microsoft Visual Studio Solution File, Format Version 12.00
# Visual Studio 15
Project("{FAE04EC0-301F-11D3-BF4B-00C04F79EFBC}") = "Unity.XR.Interaction.Toolkit.Samples.StarterAssets", "Unity.XR.Interaction.Toolkit.Samples.StarterAssets.csproj", "{528D2D2B-72DA-48FD-3DC8-EC2A0B58F146}"
EndProject
Project("{FAE04EC0-301F-11D3-BF4B-00C04F79EFBC}") = "Assembly-CSharp", "Assembly-CSharp.csproj", "{0C0DA8D6-E165-BC1A-618E-B0032067C2C5}"
EndProject
Project("{FAE04EC0-301F-11D3-BF4B-00C04F79EFBC}") = "Assembly-CSharp-Editor", "Assembly-CSharp-Editor.csproj", "{AB2423DC-5350-91A8-6B45-B10BA6D73E1A}"
EndProject
Project("{FAE04EC0-301F-11D3-BF4B-00C04F79EFBC}") = "Unity.XR.Interaction.Toolkit.Samples.StarterAssets.Editor", "Unity.XR.Interaction.Toolkit.Samples.StarterAssets.Editor.csproj", "{722D84D2-9C72-3A6F-0CEB-23A2F2126B86}"
EndProject
Global
	GlobalSection(SolutionConfigurationPlatforms) = preSolution
		Debug|Any CPU = Debug|Any CPU
		Release|Any CPU = Release|Any CPU
	EndGlobalSection
	GlobalSection(ProjectConfigurationPlatforms) = postSolution
		{528D2D2B-72DA-48FD-3DC8-EC2A0B58F146}.Debug|Any CPU.ActiveCfg = Debug|Any CPU
		{528D2D2B-72DA-48FD-3DC8-EC2A0B58F146}.Debug|Any CPU.Build.0 = Debug|Any CPU
		{528D2D2B-72DA-48FD-3DC8-EC2A0B58F146}.Release|Any CPU.ActiveCfg = Release|Any CPU
		{528D2D2B-72DA-48FD-3DC8-EC2A0B58F146}.Release|Any CPU.Build.0 = Release|Any CPU
		{0C0DA8D6-E165-BC1A-618E-B0032067C2C5}.Debug|Any CPU.ActiveCfg = Debug|Any CPU
		{0C0DA8D6-E165-BC1A-618E-B0032067C2C5}.Debug|Any CPU.Build.0 = Debug|Any CPU
		{0C0DA8D6-E165-BC1A-618E-B0032067C2C5}.Release|Any CPU.ActiveCfg = Release|Any CPU
		{0C0DA8D6-E165-BC1A-618E-B0032067C2C5}.Release|Any CPU.Build.0 = Release|Any CPU
		{AB2423DC-5350-91A8-6B45-B10BA6D73E1A}.Debug|Any CPU.ActiveCfg = Debug|Any CPU
		{AB2423DC-5350-91A8-6B45-B10BA6D73E1A}.Debug|Any CPU.Build.0 = Debug|Any CPU
		{AB2423DC-5350-91A8-6B45-B10BA6D73E1A}.Release|Any CPU.ActiveCfg = Release|Any CPU
		{AB2423DC-5350-91A8-6B45-B10BA6D73E1A}.Release|Any CPU.Build.0 = Release|Any CPU
		{722D84D2-9C72-3A6F-0CEB-23A2F2126B86}.Debug|Any CPU.ActiveCfg = Debug|Any CPU
		{722D84D2-9C72-3A6F-0CEB-23A2F2126B86}.Debug|Any CPU.Build.0 = Debug|Any CPU
		{722D84D2-9C72-3A6F-0CEB-23A2F2126B86}.Release|Any CPU.ActiveCfg = Release|Any CPU
		{722D84D2-9C72-3A6F-0CEB-23A2F2126B86}.Release|Any CPU.Build.0 = Release|Any CPU
	EndGlobalSection
	GlobalSection(SolutionProperties) = preSolution
		HideSolutionNode = FALSE
	EndGlobalSection
EndGlobal
